// !$*UTF8*$!
{
	archiveVersion = 1;
	classes = {
	};
	objectVersion = 50;
	objects = {

/* Begin PBXBuildFile section */
		9BE2D79422BA620C00F822BA /* AppDelegate.swift in Sources */ = {isa = PBXBuildFile; fileRef = 9BE2D79322BA620C00F822BA /* AppDelegate.swift */; };
		9BE2D79622BA620C00F822BA /* GameScene.sks in Resources */ = {isa = PBXBuildFile; fileRef = 9BE2D79522BA620C00F822BA /* GameScene.sks */; };
		9BE2D79822BA620C00F822BA /* Actions.sks in Resources */ = {isa = PBXBuildFile; fileRef = 9BE2D79722BA620C00F822BA /* Actions.sks */; };
		9BE2D79A22BA620C00F822BA /* GameScene.swift in Sources */ = {isa = PBXBuildFile; fileRef = 9BE2D79922BA620C00F822BA /* GameScene.swift */; };
		9BE2D79C22BA620C00F822BA /* GameViewController.swift in Sources */ = {isa = PBXBuildFile; fileRef = 9BE2D79B22BA620C00F822BA /* GameViewController.swift */; };
		9BE2D79F22BA620C00F822BA /* Main.storyboard in Resources */ = {isa = PBXBuildFile; fileRef = 9BE2D79D22BA620C00F822BA /* Main.storyboard */; };
		9BE2D7A122BA621700F822BA /* Assets.xcassets in Resources */ = {isa = PBXBuildFile; fileRef = 9BE2D7A022BA621700F822BA /* Assets.xcassets */; };
		9BE2D7A422BA621700F822BA /* LaunchScreen.storyboard in Resources */ = {isa = PBXBuildFile; fileRef = 9BE2D7A222BA621700F822BA /* LaunchScreen.storyboard */; };
		9BE2D7AC22BA71D700F822BA /* Level2.swift in Sources */ = {isa = PBXBuildFile; fileRef = 9BE2D7AB22BA71D700F822BA /* Level2.swift */; };
		9BE2D7AE22BA71FA00F822BA /* Level2.sks in Resources */ = {isa = PBXBuildFile; fileRef = 9BE2D7AD22BA71FA00F822BA /* Level2.sks */; };
		9BE2D7B022BA72C000F822BA /* Level3.sks in Resources */ = {isa = PBXBuildFile; fileRef = 9BE2D7AF22BA72C000F822BA /* Level3.sks */; };
		9BE2D7B222BA734700F822BA /* Level3.swift in Sources */ = {isa = PBXBuildFile; fileRef = 9BE2D7B122BA734700F822BA /* Level3.swift */; };
/* End PBXBuildFile section */

/* Begin PBXFileReference section */
		9BE2D79022BA620C00F822BA /* Test34-S19.app */ = {isa = PBXFileReference; explicitFileType = wrapper.application; includeInIndex = 0; path = "Test34-S19.app"; sourceTree = BUILT_PRODUCTS_DIR; };
		9BE2D79322BA620C00F822BA /* AppDelegate.swift */ = {isa = PBXFileReference; lastKnownFileType = sourcecode.swift; path = AppDelegate.swift; sourceTree = "<group>"; };
		9BE2D79522BA620C00F822BA /* GameScene.sks */ = {isa = PBXFileReference; lastKnownFileType = file.sks; path = GameScene.sks; sourceTree = "<group>"; };
		9BE2D79722BA620C00F822BA /* Actions.sks */ = {isa = PBXFileReference; lastKnownFileType = file.sks; path = Actions.sks; sourceTree = "<group>"; };
		9BE2D79922BA620C00F822BA /* GameScene.swift */ = {isa = PBXFileReference; lastKnownFileType = sourcecode.swift; path = GameScene.swift; sourceTree = "<group>"; };
		9BE2D79B22BA620C00F822BA /* GameViewController.swift */ = {isa = PBXFileReference; lastKnownFileType = sourcecode.swift; path = GameViewController.swift; sourceTree = "<group>"; };
		9BE2D79E22BA620C00F822BA /* Base */ = {isa = PBXFileReference; lastKnownFileType = file.storyboard; name = Base; path = Base.lproj/Main.storyboard; sourceTree = "<group>"; };
		9BE2D7A022BA621700F822BA /* Assets.xcassets */ = {isa = PBXFileReference; lastKnownFileType = folder.assetcatalog; path = Assets.xcassets; sourceTree = "<group>"; };
		9BE2D7A322BA621700F822BA /* Base */ = {isa = PBXFileReference; lastKnownFileType = file.storyboard; name = Base; path = Base.lproj/LaunchScreen.storyboard; sourceTree = "<group>"; };
		9BE2D7A522BA621700F822BA /* Info.plist */ = {isa = PBXFileReference; lastKnownFileType = text.plist.xml; path = Info.plist; sourceTree = "<group>"; };
		9BE2D7AB22BA71D700F822BA /* Level2.swift */ = {isa = PBXFileReference; lastKnownFileType = sourcecode.swift; path = Level2.swift; sourceTree = "<group>"; };
		9BE2D7AD22BA71FA00F822BA /* Level2.sks */ = {isa = PBXFileReference; lastKnownFileType = file.sks; path = Level2.sks; sourceTree = "<group>"; };
		9BE2D7AF22BA72C000F822BA /* Level3.sks */ = {isa = PBXFileReference; lastKnownFileType = file.sks; path = Level3.sks; sourceTree = "<group>"; };
		9BE2D7B122BA734700F822BA /* Level3.swift */ = {isa = PBXFileReference; lastKnownFileType = sourcecode.swift; path = Level3.swift; sourceTree = "<group>"; };
/* End PBXFileReference section */

/* Begin PBXFrameworksBuildPhase section */
		9BE2D78D22BA620C00F822BA /* Frameworks */ = {
			isa = PBXFrameworksBuildPhase;
			buildActionMask = 2147483647;
			files = (
			);
			runOnlyForDeploymentPostprocessing = 0;
		};
/* End PBXFrameworksBuildPhase section */

/* Begin PBXGroup section */
		9BE2D78722BA620C00F822BA = {
			isa = PBXGroup;
			children = (
				9BE2D79222BA620C00F822BA /* Test34-S19 */,
				9BE2D79122BA620C00F822BA /* Products */,
			);
			sourceTree = "<group>";
		};
		9BE2D79122BA620C00F822BA /* Products */ = {
			isa = PBXGroup;
			children = (
				9BE2D79022BA620C00F822BA /* Test34-S19.app */,
			);
			name = Products;
			sourceTree = "<group>";
		};
		9BE2D79222BA620C00F822BA /* Test34-S19 */ = {
			isa = PBXGroup;
			children = (
				9BE2D79322BA620C00F822BA /* AppDelegate.swift */,
				9BE2D79522BA620C00F822BA /* GameScene.sks */,
				9BE2D79722BA620C00F822BA /* Actions.sks */,
				9BE2D79922BA620C00F822BA /* GameScene.swift */,
				9BE2D7AB22BA71D700F822BA /* Level2.swift */,
				9BE2D79B22BA620C00F822BA /* GameViewController.swift */,
				9BE2D79D22BA620C00F822BA /* Main.storyboard */,
				9BE2D7A022BA621700F822BA /* Assets.xcassets */,
				9BE2D7A222BA621700F822BA /* LaunchScreen.storyboard */,
				9BE2D7A522BA621700F822BA /* Info.plist */,
				9BE2D7AD22BA71FA00F822BA /* Level2.sks */,
				9BE2D7AF22BA72C000F822BA /* Level3.sks */,
				9BE2D7B122BA734700F822BA /* Level3.swift */,
			);
			path = "Test34-S19";
			sourceTree = "<group>";
		};
/* End PBXGroup section */

/* Begin PBXNativeTarget section */
		9BE2D78F22BA620C00F822BA /* Test34-S19 */ = {
			isa = PBXNativeTarget;
			buildConfigurationList = 9BE2D7A822BA621700F822BA /* Build configuration list for PBXNativeTarget "Test34-S19" */;
			buildPhases = (
				9BE2D78C22BA620C00F822BA /* Sources */,
				9BE2D78D22BA620C00F822BA /* Frameworks */,
				9BE2D78E22BA620C00F822BA /* Resources */,
			);
			buildRules = (
			);
			dependencies = (
			);
			name = "Test34-S19";
			productName = "Test34-S19";
			productReference = 9BE2D79022BA620C00F822BA /* Test34-S19.app */;
			productType = "com.apple.product-type.application";
		};
/* End PBXNativeTarget section */

/* Begin PBXProject section */
		9BE2D78822BA620C00F822BA /* Project object */ = {
			isa = PBXProject;
			attributes = {
				LastSwiftUpdateCheck = 1020;
				LastUpgradeCheck = 1020;
				ORGANIZATIONNAME = rabbit;
				TargetAttributes = {
					9BE2D78F22BA620C00F822BA = {
						CreatedOnToolsVersion = 10.2.1;
					};
				};
			};
			buildConfigurationList = 9BE2D78B22BA620C00F822BA /* Build configuration list for PBXProject "Test34-S19" */;
			compatibilityVersion = "Xcode 9.3";
			developmentRegion = en;
			hasScannedForEncodings = 0;
			knownRegions = (
				en,
				Base,
			);
			mainGroup = 9BE2D78722BA620C00F822BA;
			productRefGroup = 9BE2D79122BA620C00F822BA /* Products */;
			projectDirPath = "";
			projectRoot = "";
			targets = (
				9BE2D78F22BA620C00F822BA /* Test34-S19 */,
			);
		};
/* End PBXProject section */

/* Begin PBXResourcesBuildPhase section */
		9BE2D78E22BA620C00F822BA /* Resources */ = {
			isa = PBXResourcesBuildPhase;
			buildActionMask = 2147483647;
			files = (
				9BE2D79F22BA620C00F822BA /* Main.storyboard in Resources */,
				9BE2D7AE22BA71FA00F822BA /* Level2.sks in Resources */,
				9BE2D79622BA620C00F822BA /* GameScene.sks in Resources */,
				9BE2D7A122BA621700F822BA /* Assets.xcassets in Resources */,
				9BE2D7B022BA72C000F822BA /* Level3.sks in Resources */,
				9BE2D7A422BA621700F822BA /* LaunchScreen.storyboard in Resources */,
				9BE2D79822BA620C00F822BA /* Actions.sks in Resources */,
			);
			runOnlyForDeploymentPostprocessing = 0;
		};
/* End PBXResourcesBuildPhase section */

/* Begin PBXSourcesBuildPhase section */
		9BE2D78C22BA620C00F822BA /* Sources */ = {
			isa = PBXSourcesBuildPhase;
			buildActionMask = 2147483647;
			files = (
				9BE2D7B222BA734700F822BA /* Level3.swift in Sources */,
				9BE2D79A22BA620C00F822BA /* GameScene.swift in Sources */,
				9BE2D7AC22BA71D700F822BA /* Level2.swift in Sources */,
				9BE2D79C22BA620C00F822BA /* GameViewController.swift in Sources */,
				9BE2D79422BA620C00F822BA /* AppDelegate.swift in Sources */,
			);
			runOnlyForDeploymentPostprocessing = 0;
		};
/* End PBXSourcesBuildPhase section */

/* Begin PBXVariantGroup section */
		9BE2D79D22BA620C00F822BA /* Main.storyboard */ = {
			isa = PBXVariantGroup;
			children = (
				9BE2D79E22BA620C00F822BA /* Base */,
			);
			name = Main.storyboard;
			sourceTree = "<group>";
		};
		9BE2D7A222BA621700F822BA /* LaunchScreen.storyboard */ = {
			isa = PBXVariantGroup;
			children = (
				9BE2D7A322BA621700F822BA /* Base */,
			);
			name = LaunchScreen.storyboard;
			sourceTree = "<group>";
		};
/* End PBXVariantGroup section */

/* Begin XCBuildConfiguration section */
		9BE2D7A622BA621700F822BA /* Debug */ = {
			isa = XCBuildConfiguration;
			buildSettings = {
				ALWAYS_SEARCH_USER_PATHS = NO;
				CLANG_ANALYZER_NONNULL = YES;
				CLANG_ANALYZER_NUMBER_OBJECT_CONVERSION = YES_AGGRESSIVE;
				CLANG_CXX_LANGUAGE_STANDARD = "gnu++14";
				CLANG_CXX_LIBRARY = "libc++";
				CLANG_ENABLE_MODULES = YES;
				CLANG_ENABLE_OBJC_ARC = YES;
				CLANG_ENABLE_OBJC_WEAK = YES;
				CLANG_WARN_BLOCK_CAPTURE_AUTORELEASING = YES;
				CLANG_WARN_BOOL_CONVERSION = YES;
				CLANG_WARN_COMMA = YES;
				CLANG_WARN_CONSTANT_CONVERSION = YES;
				CLANG_WARN_DEPRECATED_OBJC_IMPLEMENTATIONS = YES;
				CLANG_WARN_DIRECT_OBJC_ISA_USAGE = YES_ERROR;
				CLANG_WARN_DOCUMENTATION_COMMENTS = YES;
				CLANG_WARN_EMPTY_BODY = YES;
				CLANG_WARN_ENUM_CONVERSION = YES;
				CLANG_WARN_INFINITE_RECURSION = YES;
				CLANG_WARN_INT_CONVERSION = YES;
				CLANG_WARN_NON_LITERAL_NULL_CONVERSION = YES;
				CLANG_WARN_OBJC_IMPLICIT_RETAIN_SELF = YES;
				CLANG_WARN_OBJC_LITERAL_CONVERSION = YES;
				CLANG_WARN_OBJC_ROOT_CLASS = YES_ERROR;
				CLANG_WARN_RANGE_LOOP_ANALYSIS = YES;
				CLANG_WARN_STRICT_PROTOTYPES = YES;
				CLANG_WARN_SUSPICIOUS_MOVE = YES;
				CLANG_WARN_UNGUARDED_AVAILABILITY = YES_AGGRESSIVE;
				CLANG_WARN_UNREACHABLE_CODE = YES;
				CLANG_WARN__DUPLICATE_METHOD_MATCH = YES;
				CODE_SIGN_IDENTITY = "iPhone Developer";
				COPY_PHASE_STRIP = NO;
				DEBUG_INFORMATION_FORMAT = dwarf;
				ENABLE_STRICT_OBJC_MSGSEND = YES;
				ENABLE_TESTABILITY = YES;
				GCC_C_LANGUAGE_STANDARD = gnu11;
				GCC_DYNAMIC_NO_PIC = NO;
				GCC_NO_COMMON_BLOCKS = YES;
				GCC_OPTIMIZATION_LEVEL = 0;
				GCC_PREPROCESSOR_DEFINITIONS = (
					"DEBUG=1",
					"$(inherited)",
				);
				GCC_WARN_64_TO_32_BIT_CONVERSION = YES;
				GCC_WARN_ABOUT_RETURN_TYPE = YES_ERROR;
				GCC_WARN_UNDECLARED_SELECTOR = YES;
				GCC_WARN_UNINITIALIZED_AUTOS = YES_AGGRESSIVE;
				GCC_WARN_UNUSED_FUNCTION = YES;
				GCC_WARN_UNUSED_VARIABLE = YES;
				IPHONEOS_DEPLOYMENT_TARGET = 12.2;
				MTL_ENABLE_DEBUG_INFO = INCLUDE_SOURCE;
				MTL_FAST_MATH = YES;
				ONLY_ACTIVE_ARCH = YES;
				SDKROOT = iphoneos;
				SWIFT_ACTIVE_COMPILATION_CONDITIONS = DEBUG;
				SWIFT_OPTIMIZATION_LEVEL = "-Onone";
			};
			name = Debug;
		};
		9BE2D7A722BA621700F822BA /* Release */ = {
			isa = XCBuildConfiguration;
			buildSettings = {
				ALWAYS_SEARCH_USER_PATHS = NO;
				CLANG_ANALYZER_NONNULL = YES;
				CLANG_ANALYZER_NUMBER_OBJECT_CONVERSION = YES_AGGRESSIVE;
				CLANG_CXX_LANGUAGE_STANDARD = "gnu++14";
				CLANG_CXX_LIBRARY = "libc++";
				CLANG_ENABLE_MODULES = YES;
				CLANG_ENABLE_OBJC_ARC = YES;
				CLANG_ENABLE_OBJC_WEAK = YES;
				CLANG_WARN_BLOCK_CAPTURE_AUTORELEASING = YES;
				CLANG_WARN_BOOL_CONVERSION = YES;
				CLANG_WARN_COMMA = YES;
				CLANG_WARN_CONSTANT_CONVERSION = YES;
				CLANG_WARN_DEPRECATED_OBJC_IMPLEMENTATIONS = YES;
				CLANG_WARN_DIRECT_OBJC_ISA_USAGE = YES_ERROR;
				CLANG_WARN_DOCUMENTATION_COMMENTS = YES;
				CLANG_WARN_EMPTY_BODY = YES;
				CLANG_WARN_ENUM_CONVERSION = YES;
				CLANG_WARN_INFINITE_RECURSION = YES;
				CLANG_WARN_INT_CONVERSION = YES;
				CLANG_WARN_NON_LITERAL_NULL_CONVERSION = YES;
				CLANG_WARN_OBJC_IMPLICIT_RETAIN_SELF = YES;
				CLANG_WARN_OBJC_LITERAL_CONVERSION = YES;
				CLANG_WARN_OBJC_ROOT_CLASS = YES_ERROR;
				CLANG_WARN_RANGE_LOOP_ANALYSIS = YES;
				CLANG_WARN_STRICT_PROTOTYPES = YES;
				CLANG_WARN_SUSPICIOUS_MOVE = YES;
				CLANG_WARN_UNGUARDED_AVAILABILITY = YES_AGGRESSIVE;
				CLANG_WARN_UNREACHABLE_CODE = YES;
				CLANG_WARN__DUPLICATE_METHOD_MATCH = YES;
				CODE_SIGN_IDENTITY = "iPhone Developer";
				COPY_PHASE_STRIP = NO;
				DEBUG_INFORMATION_FORMAT = "dwarf-with-dsym";
				ENABLE_NS_ASSERTIONS = NO;
				ENABLE_STRICT_OBJC_MSGSEND = YES;
				GCC_C_LANGUAGE_STANDARD = gnu11;
				GCC_NO_COMMON_BLOCKS = YES;
				GCC_WARN_64_TO_32_BIT_CONVERSION = YES;
				GCC_WARN_ABOUT_RETURN_TYPE = YES_ERROR;
				GCC_WARN_UNDECLARED_SELECTOR = YES;
				GCC_WARN_UNINITIALIZED_AUTOS = YES_AGGRESSIVE;
				GCC_WARN_UNUSED_FUNCTION = YES;
				GCC_WARN_UNUSED_VARIABLE = YES;
				IPHONEOS_DEPLOYMENT_TARGET = 12.2;
				MTL_ENABLE_DEBUG_INFO = NO;
				MTL_FAST_MATH = YES;
				SDKROOT = iphoneos;
				SWIFT_COMPILATION_MODE = wholemodule;
				SWIFT_OPTIMIZATION_LEVEL = "-O";
				VALIDATE_PRODUCT = YES;
			};
			name = Release;
		};
		9BE2D7A922BA621700F822BA /* Debug */ = {
			isa = XCBuildConfiguration;
			buildSettings = {
				ASSETCATALOG_COMPILER_APPICON_NAME = AppIcon;
				CODE_SIGN_STYLE = Automatic;
				INFOPLIST_FILE = "Test34-S19/Info.plist";
				LD_RUNPATH_SEARCH_PATHS = (
					"$(inherited)",
					"@executable_path/Frameworks",
				);
				PRODUCT_BUNDLE_IDENTIFIER = "carrot.Test34-S19";
				PRODUCT_NAME = "$(TARGET_NAME)";
				SWIFT_VERSION = 5.0;
				TARGETED_DEVICE_FAMILY = "1,2";
			};
			name = Debug;
		};
		9BE2D7AA22BA621700F822BA /* Release */ = {
			isa = XCBuildConfiguration;
			buildSettings = {
				ASSETCATALOG_COMPILER_APPICON_NAME = AppIcon;
				CODE_SIGN_STYLE = Automatic;
				INFOPLIST_FILE = "Test34-S19/Info.plist";
				LD_RUNPATH_SEARCH_PATHS = (
					"$(inherited)",
					"@executable_path/Frameworks",
				);
				PRODUCT_BUNDLE_IDENTIFIER = "carrot.Test34-S19";
				PRODUCT_NAME = "$(TARGET_NAME)";
				SWIFT_VERSION = 5.0;
				TARGETED_DEVICE_FAMILY = "1,2";
			};
			name = Release;
		};
/* End XCBuildConfiguration section */

/* Begin XCConfigurationList section */
		9BE2D78B22BA620C00F822BA /* Build configuration list for PBXProject "Test34-S19" */ = {
			isa = XCConfigurationList;
			buildConfigurations = (
				9BE2D7A622BA621700F822BA /* Debug */,
				9BE2D7A722BA621700F822BA /* Release */,
			);
			defaultConfigurationIsVisible = 0;
			defaultConfigurationName = Release;
		};
		9BE2D7A822BA621700F822BA /* Build configuration list for PBXNativeTarget "Test34-S19" */ = {
			isa = XCConfigurationList;
			buildConfigurations = (
				9BE2D7A922BA621700F822BA /* Debug */,
				9BE2D7AA22BA621700F822BA /* Release */,
			);
			defaultConfigurationIsVisible = 0;
			defaultConfigurationName = Release;
		};
/* End XCConfigurationList section */
	};
	rootObject = 9BE2D78822BA620C00F822BA /* Project object */;
}
